
Microsoft Visual Studio Solution File, Format Version 12.00
# Visual Studio Version 17
VisualStudioVersion = 17.8.34309.116
MinimumVisualStudioVersion = 10.0.40219.1
Project("{FAE04EC0-301F-11D3-BF4B-00C04F79EFBC}") = "ListeProcessus", "ListeProcessus\ListeProcessus.csproj", "{7037437B-59E8-48A3-A538-BC50AB37B18D}"
EndProject
Global
	GlobalSection(SolutionConfigurationPlatforms) = preSolution
		Debug|Any CPU = Debug|Any CPU
		Release|Any CPU = Release|Any CPU
	EndGlobalSection
	GlobalSection(ProjectConfigurationPlatforms) = postSolution
		{7037437B-59E8-48A3-A538-BC50AB37B18D}.Debug|Any CPU.ActiveCfg = Debug|Any CPU
		{7037437B-59E8-48A3-A538-BC50AB37B18D}.Debug|Any CPU.Build.0 = Debug|Any CPU
		{7037437B-59E8-48A3-A538-BC50AB37B18D}.Release|Any CPU.ActiveCfg = Release|Any CPU
		{7037437B-59E8-48A3-A538-BC50AB37B18D}.Release|Any CPU.Build.0 = Release|Any CPU
	EndGlobalSection
	GlobalSection(SolutionProperties) = preSolution
		HideSolutionNode = FALSE
	EndGlobalSection
	GlobalSection(ExtensibilityGlobals) = postSolution
		SolutionGuid = {01DB48D1-0D6B-48AA-8E7B-5BE714B61067}
	EndGlobalSection
EndGlobal
